
Microsoft Visual Studio Solution File, Format Version 12.00
# Visual Studio Version 16
VisualStudioVersion = 16.0.33027.164
MinimumVisualStudioVersion = 10.0.40219.1
Project("{FAE04EC0-301F-11D3-BF4B-00C04F79EFBC}") = "BackEndProject", "BackEndProject\BackEndProject.csproj", "{35DA84E1-FA3D-4F05-B2DD-A650D3EB2585}"
EndProject
Project("{FAE04EC0-301F-11D3-BF4B-00C04F79EFBC}") = "Business", "Business\Business.csproj", "{ED7C2291-DE52-47E7-819A-54AD42DBEFCB}"
EndProject
Project("{FAE04EC0-301F-11D3-BF4B-00C04F79EFBC}") = "Entities", "Entities\Entities.csproj", "{C10CBB26-7AB2-4636-9D77-DB6529BC7DB2}"
EndProject
Project("{FAE04EC0-301F-11D3-BF4B-00C04F79EFBC}") = "DataAccess", "DataAccess\DataAccess.csproj", "{65E9D6D3-BAE6-44BF-94BD-29F0C8BB7352}"
EndProject
Project("{FAE04EC0-301F-11D3-BF4B-00C04F79EFBC}") = "Core", "Core\Core.csproj", "{781385AB-C858-42C2-961E-51AC11B6BF28}"
EndProject
Global
	GlobalSection(SolutionConfigurationPlatforms) = preSolution
		Debug|Any CPU = Debug|Any CPU
		Release|Any CPU = Release|Any CPU
	EndGlobalSection
	GlobalSection(ProjectConfigurationPlatforms) = postSolution
		{35DA84E1-FA3D-4F05-B2DD-A650D3EB2585}.Debug|Any CPU.ActiveCfg = Debug|Any CPU
		{35DA84E1-FA3D-4F05-B2DD-A650D3EB2585}.Debug|Any CPU.Build.0 = Debug|Any CPU
		{35DA84E1-FA3D-4F05-B2DD-A650D3EB2585}.Release|Any CPU.ActiveCfg = Release|Any CPU
		{35DA84E1-FA3D-4F05-B2DD-A650D3EB2585}.Release|Any CPU.Build.0 = Release|Any CPU
		{ED7C2291-DE52-47E7-819A-54AD42DBEFCB}.Debug|Any CPU.ActiveCfg = Debug|Any CPU
		{ED7C2291-DE52-47E7-819A-54AD42DBEFCB}.Debug|Any CPU.Build.0 = Debug|Any CPU
		{ED7C2291-DE52-47E7-819A-54AD42DBEFCB}.Release|Any CPU.ActiveCfg = Release|Any CPU
		{ED7C2291-DE52-47E7-819A-54AD42DBEFCB}.Release|Any CPU.Build.0 = Release|Any CPU
		{C10CBB26-7AB2-4636-9D77-DB6529BC7DB2}.Debug|Any CPU.ActiveCfg = Debug|Any CPU
		{C10CBB26-7AB2-4636-9D77-DB6529BC7DB2}.Debug|Any CPU.Build.0 = Debug|Any CPU
		{C10CBB26-7AB2-4636-9D77-DB6529BC7DB2}.Release|Any CPU.ActiveCfg = Release|Any CPU
		{C10CBB26-7AB2-4636-9D77-DB6529BC7DB2}.Release|Any CPU.Build.0 = Release|Any CPU
		{65E9D6D3-BAE6-44BF-94BD-29F0C8BB7352}.Debug|Any CPU.ActiveCfg = Debug|Any CPU
		{65E9D6D3-BAE6-44BF-94BD-29F0C8BB7352}.Debug|Any CPU.Build.0 = Debug|Any CPU
		{65E9D6D3-BAE6-44BF-94BD-29F0C8BB7352}.Release|Any CPU.ActiveCfg = Release|Any CPU
		{65E9D6D3-BAE6-44BF-94BD-29F0C8BB7352}.Release|Any CPU.Build.0 = Release|Any CPU
		{781385AB-C858-42C2-961E-51AC11B6BF28}.Debug|Any CPU.ActiveCfg = Debug|Any CPU
		{781385AB-C858-42C2-961E-51AC11B6BF28}.Debug|Any CPU.Build.0 = Debug|Any CPU
		{781385AB-C858-42C2-961E-51AC11B6BF28}.Release|Any CPU.ActiveCfg = Release|Any CPU
		{781385AB-C858-42C2-961E-51AC11B6BF28}.Release|Any CPU.Build.0 = Release|Any CPU
	EndGlobalSection
	GlobalSection(SolutionProperties) = preSolution
		HideSolutionNode = FALSE
	EndGlobalSection
	GlobalSection(ExtensibilityGlobals) = postSolution
		SolutionGuid = {7C0DD070-F958-49F8-A7B1-E454F27B07E1}
	EndGlobalSection
EndGlobal
